// !$*UTF8*$!
{
	archiveVersion = 1;
	classes = {
	};
	objectVersion = 51;
	objects = {

/* Begin PBXBuildFile section */
		962470FF25092AD000E74B47 /* Tag.swift in Sources */ = {isa = PBXBuildFile; fileRef = 962470FE25092AD000E74B47 /* Tag.swift */; };
		9624AF822538A1F6007660D4 /* tagTabTableViewController.swift in Sources */ = {isa = PBXBuildFile; fileRef = 9624AF812538A1F6007660D4 /* tagTabTableViewController.swift */; };
		962E10E824E046A200F0262F /* SignUpInViewController.swift in Sources */ = {isa = PBXBuildFile; fileRef = 962E10E724E046A200F0262F /* SignUpInViewController.swift */; };
		963DD01F2503C4D80078EA10 /* APIViewController.swift in Sources */ = {isa = PBXBuildFile; fileRef = 963DD01E2503C4D80078EA10 /* APIViewController.swift */; };
		964325C524F6AF16005F8430 /* TestArchiveViewController.swift in Sources */ = {isa = PBXBuildFile; fileRef = 964325C424F6AF16005F8430 /* TestArchiveViewController.swift */; };
		964C099E25125AFA002FF83D /* user.swift in Sources */ = {isa = PBXBuildFile; fileRef = 964C099D25125AFA002FF83D /* user.swift */; };
		964C09A025125F68002FF83D /* followingListAPI.swift in Sources */ = {isa = PBXBuildFile; fileRef = 964C099F25125F68002FF83D /* followingListAPI.swift */; };
		964C57972509B81900051A98 /* tagPoolAPI.swift in Sources */ = {isa = PBXBuildFile; fileRef = 964C57962509B81900051A98 /* tagPoolAPI.swift */; };
		9650688F250E51DD001A8193 /* API.swift in Sources */ = {isa = PBXBuildFile; fileRef = 9650688E250E51DD001A8193 /* API.swift */; };
		96AF98DC2520C2C900D4D7A3 /* UserAPI.swift in Sources */ = {isa = PBXBuildFile; fileRef = 96AF98DB2520C2C900D4D7A3 /* UserAPI.swift */; };
		96FAD8E72546FB00009FDE3E /* ScanQRCodeViewController.swift in Sources */ = {isa = PBXBuildFile; fileRef = 96FAD8E62546FB00009FDE3E /* ScanQRCodeViewController.swift */; };
		96FDEE6F24D708C80060DFC2 /* AppDelegate.swift in Sources */ = {isa = PBXBuildFile; fileRef = 96FDEE6E24D708C80060DFC2 /* AppDelegate.swift */; };
		96FDEE7124D708C80060DFC2 /* SceneDelegate.swift in Sources */ = {isa = PBXBuildFile; fileRef = 96FDEE7024D708C80060DFC2 /* SceneDelegate.swift */; };
		96FDEE7324D708C80060DFC2 /* ViewController.swift in Sources */ = {isa = PBXBuildFile; fileRef = 96FDEE7224D708C80060DFC2 /* ViewController.swift */; };
		96FDEE7624D708C80060DFC2 /* Main.storyboard in Resources */ = {isa = PBXBuildFile; fileRef = 96FDEE7424D708C80060DFC2 /* Main.storyboard */; };
		96FDEE7924D708C80060DFC2 /* MapU01.xcdatamodeld in Sources */ = {isa = PBXBuildFile; fileRef = 96FDEE7724D708C80060DFC2 /* MapU01.xcdatamodeld */; };
		96FDEE7B24D708C80060DFC2 /* Assets.xcassets in Resources */ = {isa = PBXBuildFile; fileRef = 96FDEE7A24D708C80060DFC2 /* Assets.xcassets */; };
		96FDEE7E24D708C80060DFC2 /* LaunchScreen.storyboard in Resources */ = {isa = PBXBuildFile; fileRef = 96FDEE7C24D708C80060DFC2 /* LaunchScreen.storyboard */; };
		96FDEE8624D70C5B0060DFC2 /* GoogleService-Info.plist in Resources */ = {isa = PBXBuildFile; fileRef = 96FDEE8524D70C5B0060DFC2 /* GoogleService-Info.plist */; };
		B5C2911E0845DA9D8BEB5BAE /* Pods_MapU01.framework in Frameworks */ = {isa = PBXBuildFile; fileRef = 4D36181A7A561897366CCCCB /* Pods_MapU01.framework */; };
/* End PBXBuildFile section */

/* Begin PBXFileReference section */
		4D36181A7A561897366CCCCB /* Pods_MapU01.framework */ = {isa = PBXFileReference; explicitFileType = wrapper.framework; includeInIndex = 0; path = Pods_MapU01.framework; sourceTree = BUILT_PRODUCTS_DIR; };
		4D64BB4ACEB5065001089438 /* Pods-MapU01.debug.xcconfig */ = {isa = PBXFileReference; includeInIndex = 1; lastKnownFileType = text.xcconfig; name = "Pods-MapU01.debug.xcconfig"; path = "Target Support Files/Pods-MapU01/Pods-MapU01.debug.xcconfig"; sourceTree = "<group>"; };
		962470FE25092AD000E74B47 /* Tag.swift */ = {isa = PBXFileReference; lastKnownFileType = sourcecode.swift; path = Tag.swift; sourceTree = "<group>"; };
		9624AF812538A1F6007660D4 /* tagTabTableViewController.swift */ = {isa = PBXFileReference; lastKnownFileType = sourcecode.swift; path = tagTabTableViewController.swift; sourceTree = "<group>"; };
		962E10E724E046A200F0262F /* SignUpInViewController.swift */ = {isa = PBXFileReference; lastKnownFileType = sourcecode.swift; path = SignUpInViewController.swift; sourceTree = "<group>"; };
		963DD01E2503C4D80078EA10 /* APIViewController.swift */ = {isa = PBXFileReference; lastKnownFileType = sourcecode.swift; path = APIViewController.swift; sourceTree = "<group>"; };
		964325C424F6AF16005F8430 /* TestArchiveViewController.swift */ = {isa = PBXFileReference; lastKnownFileType = sourcecode.swift; path = TestArchiveViewController.swift; sourceTree = "<group>"; };
		964C099D25125AFA002FF83D /* user.swift */ = {isa = PBXFileReference; lastKnownFileType = sourcecode.swift; path = user.swift; sourceTree = "<group>"; };
		964C099F25125F68002FF83D /* followingListAPI.swift */ = {isa = PBXFileReference; lastKnownFileType = sourcecode.swift; path = followingListAPI.swift; sourceTree = "<group>"; };
		964C57962509B81900051A98 /* tagPoolAPI.swift */ = {isa = PBXFileReference; lastKnownFileType = sourcecode.swift; path = tagPoolAPI.swift; sourceTree = "<group>"; };
		9650688E250E51DD001A8193 /* API.swift */ = {isa = PBXFileReference; lastKnownFileType = sourcecode.swift; path = API.swift; sourceTree = "<group>"; };
		96AF98DB2520C2C900D4D7A3 /* UserAPI.swift */ = {isa = PBXFileReference; lastKnownFileType = sourcecode.swift; path = UserAPI.swift; sourceTree = "<group>"; };
		96FAD8E62546FB00009FDE3E /* ScanQRCodeViewController.swift */ = {isa = PBXFileReference; lastKnownFileType = sourcecode.swift; path = ScanQRCodeViewController.swift; sourceTree = "<group>"; };
		96FDEE6B24D708C80060DFC2 /* MapU01.app */ = {isa = PBXFileReference; explicitFileType = wrapper.application; includeInIndex = 0; path = MapU01.app; sourceTree = BUILT_PRODUCTS_DIR; };
		96FDEE6E24D708C80060DFC2 /* AppDelegate.swift */ = {isa = PBXFileReference; lastKnownFileType = sourcecode.swift; path = AppDelegate.swift; sourceTree = "<group>"; };
		96FDEE7024D708C80060DFC2 /* SceneDelegate.swift */ = {isa = PBXFileReference; lastKnownFileType = sourcecode.swift; path = SceneDelegate.swift; sourceTree = "<group>"; };
		96FDEE7224D708C80060DFC2 /* ViewController.swift */ = {isa = PBXFileReference; lastKnownFileType = sourcecode.swift; path = ViewController.swift; sourceTree = "<group>"; };
		96FDEE7524D708C80060DFC2 /* Base */ = {isa = PBXFileReference; lastKnownFileType = file.storyboard; name = Base; path = Base.lproj/Main.storyboard; sourceTree = "<group>"; };
		96FDEE7824D708C80060DFC2 /* MapU01.xcdatamodel */ = {isa = PBXFileReference; lastKnownFileType = wrapper.xcdatamodel; path = MapU01.xcdatamodel; sourceTree = "<group>"; };
		96FDEE7A24D708C80060DFC2 /* Assets.xcassets */ = {isa = PBXFileReference; lastKnownFileType = folder.assetcatalog; path = Assets.xcassets; sourceTree = "<group>"; };
		96FDEE7D24D708C80060DFC2 /* Base */ = {isa = PBXFileReference; lastKnownFileType = file.storyboard; name = Base; path = Base.lproj/LaunchScreen.storyboard; sourceTree = "<group>"; };
		96FDEE7F24D708C80060DFC2 /* Info.plist */ = {isa = PBXFileReference; lastKnownFileType = text.plist.xml; path = Info.plist; sourceTree = "<group>"; };
		96FDEE8524D70C5B0060DFC2 /* GoogleService-Info.plist */ = {isa = PBXFileReference; fileEncoding = 4; lastKnownFileType = text.plist.xml; name = "GoogleService-Info.plist"; path = "../../../Downloads/GoogleService-Info.plist"; sourceTree = "<group>"; };
		BFE0B334B1EA9B82647791EB /* Pods-MapU01.release.xcconfig */ = {isa = PBXFileReference; includeInIndex = 1; lastKnownFileType = text.xcconfig; name = "Pods-MapU01.release.xcconfig"; path = "Target Support Files/Pods-MapU01/Pods-MapU01.release.xcconfig"; sourceTree = "<group>"; };
/* End PBXFileReference section */

/* Begin PBXFrameworksBuildPhase section */
		96FDEE6824D708C80060DFC2 /* Frameworks */ = {
			isa = PBXFrameworksBuildPhase;
			buildActionMask = 2147483647;
			files = (
				B5C2911E0845DA9D8BEB5BAE /* Pods_MapU01.framework in Frameworks */,
			);
			runOnlyForDeploymentPostprocessing = 0;
		};
/* End PBXFrameworksBuildPhase section */

/* Begin PBXGroup section */
		962470FD25092A9400E74B47 /* Model */ = {
			isa = PBXGroup;
			children = (
				962470FE25092AD000E74B47 /* Tag.swift */,
				964C099D25125AFA002FF83D /* user.swift */,
			);
			path = Model;
			sourceTree = "<group>";
		};
		964C09A125125F76002FF83D /* API */ = {
			isa = PBXGroup;
			children = (
				964C57962509B81900051A98 /* tagPoolAPI.swift */,
				964C099F25125F68002FF83D /* followingListAPI.swift */,
				96AF98DB2520C2C900D4D7A3 /* UserAPI.swift */,
			);
			path = API;
			sourceTree = "<group>";
		};
		96FDEE6224D708C80060DFC2 = {
			isa = PBXGroup;
			children = (
				964325C424F6AF16005F8430 /* TestArchiveViewController.swift */,
				96FDEE6D24D708C80060DFC2 /* MapU01 */,
				96FDEE6C24D708C80060DFC2 /* Products */,
				CA9DE58434FC3BFE8AFB6663 /* Pods */,
				E9B895900925C978EA31ADDB /* Frameworks */,
			);
			sourceTree = "<group>";
		};
		96FDEE6C24D708C80060DFC2 /* Products */ = {
			isa = PBXGroup;
			children = (
				96FDEE6B24D708C80060DFC2 /* MapU01.app */,
			);
			name = Products;
			sourceTree = "<group>";
		};
		96FDEE6D24D708C80060DFC2 /* MapU01 */ = {
			isa = PBXGroup;
			children = (
				96FDEE6E24D708C80060DFC2 /* AppDelegate.swift */,
				963DD01E2503C4D80078EA10 /* APIViewController.swift */,
				96FDEE7024D708C80060DFC2 /* SceneDelegate.swift */,
				9624AF812538A1F6007660D4 /* tagTabTableViewController.swift */,
				96FAD8E62546FB00009FDE3E /* ScanQRCodeViewController.swift */,
				9650688E250E51DD001A8193 /* API.swift */,
				964C09A125125F76002FF83D /* API */,
				962E10E724E046A200F0262F /* SignUpInViewController.swift */,
				96FDEE7224D708C80060DFC2 /* ViewController.swift */,
				962470FD25092A9400E74B47 /* Model */,
				96FDEE7424D708C80060DFC2 /* Main.storyboard */,
				96FDEE7A24D708C80060DFC2 /* Assets.xcassets */,
				96FDEE7C24D708C80060DFC2 /* LaunchScreen.storyboard */,
				96FDEE7F24D708C80060DFC2 /* Info.plist */,
				96FDEE8524D70C5B0060DFC2 /* GoogleService-Info.plist */,
				96FDEE7724D708C80060DFC2 /* MapU01.xcdatamodeld */,
			);
			path = MapU01;
			sourceTree = "<group>";
		};
		CA9DE58434FC3BFE8AFB6663 /* Pods */ = {
			isa = PBXGroup;
			children = (
				4D64BB4ACEB5065001089438 /* Pods-MapU01.debug.xcconfig */,
				BFE0B334B1EA9B82647791EB /* Pods-MapU01.release.xcconfig */,
			);
			path = Pods;
			sourceTree = "<group>";
		};
		E9B895900925C978EA31ADDB /* Frameworks */ = {
			isa = PBXGroup;
			children = (
				4D36181A7A561897366CCCCB /* Pods_MapU01.framework */,
			);
			name = Frameworks;
			sourceTree = "<group>";
		};
/* End PBXGroup section */

/* Begin PBXNativeTarget section */
		96FDEE6A24D708C80060DFC2 /* MapU01 */ = {
			isa = PBXNativeTarget;
			buildConfigurationList = 96FDEE8224D708C80060DFC2 /* Build configuration list for PBXNativeTarget "MapU01" */;
			buildPhases = (
				B91F1E0513BD241FBA45E624 /* [CP] Check Pods Manifest.lock */,
				96FDEE6724D708C80060DFC2 /* Sources */,
				96FDEE6824D708C80060DFC2 /* Frameworks */,
				96FDEE6924D708C80060DFC2 /* Resources */,
				AED60B3279A57D36D961DD01 /* [CP] Embed Pods Frameworks */,
			);
			buildRules = (
			);
			dependencies = (
			);
			name = MapU01;
			productName = MapU01;
			productReference = 96FDEE6B24D708C80060DFC2 /* MapU01.app */;
			productType = "com.apple.product-type.application";
		};
/* End PBXNativeTarget section */

/* Begin PBXProject section */
		96FDEE6324D708C80060DFC2 /* Project object */ = {
			isa = PBXProject;
			attributes = {
				LastSwiftUpdateCheck = 1160;
				LastUpgradeCheck = 1160;
				ORGANIZATIONNAME = MapU;
				TargetAttributes = {
					96FDEE6A24D708C80060DFC2 = {
						CreatedOnToolsVersion = 11.6;
					};
				};
			};
			buildConfigurationList = 96FDEE6624D708C80060DFC2 /* Build configuration list for PBXProject "MapU01" */;
			compatibilityVersion = "Xcode 9.3";
			developmentRegion = en;
			hasScannedForEncodings = 0;
			knownRegions = (
				en,
				Base,
			);
			mainGroup = 96FDEE6224D708C80060DFC2;
			productRefGroup = 96FDEE6C24D708C80060DFC2 /* Products */;
			projectDirPath = "";
			projectRoot = "";
			targets = (
				96FDEE6A24D708C80060DFC2 /* MapU01 */,
			);
		};
/* End PBXProject section */

/* Begin PBXResourcesBuildPhase section */
		96FDEE6924D708C80060DFC2 /* Resources */ = {
			isa = PBXResourcesBuildPhase;
			buildActionMask = 2147483647;
			files = (
				96FDEE7E24D708C80060DFC2 /* LaunchScreen.storyboard in Resources */,
				96FDEE8624D70C5B0060DFC2 /* GoogleService-Info.plist in Resources */,
				96FDEE7B24D708C80060DFC2 /* Assets.xcassets in Resources */,
				96FDEE7624D708C80060DFC2 /* Main.storyboard in Resources */,
			);
			runOnlyForDeploymentPostprocessing = 0;
		};
/* End PBXResourcesBuildPhase section */

/* Begin PBXShellScriptBuildPhase section */
		AED60B3279A57D36D961DD01 /* [CP] Embed Pods Frameworks */ = {
			isa = PBXShellScriptBuildPhase;
			buildActionMask = 2147483647;
			files = (
			);
			inputFileListPaths = (
				"${PODS_ROOT}/Target Support Files/Pods-MapU01/Pods-MapU01-frameworks-${CONFIGURATION}-input-files.xcfilelist",
			);
			name = "[CP] Embed Pods Frameworks";
			outputFileListPaths = (
				"${PODS_ROOT}/Target Support Files/Pods-MapU01/Pods-MapU01-frameworks-${CONFIGURATION}-output-files.xcfilelist",
			);
			runOnlyForDeploymentPostprocessing = 0;
			shellPath = /bin/sh;
			shellScript = "\"${PODS_ROOT}/Target Support Files/Pods-MapU01/Pods-MapU01-frameworks.sh\"\n";
			showEnvVarsInLog = 0;
		};
		B91F1E0513BD241FBA45E624 /* [CP] Check Pods Manifest.lock */ = {
			isa = PBXShellScriptBuildPhase;
			buildActionMask = 2147483647;
			files = (
			);
			inputFileListPaths = (
			);
			inputPaths = (
				"${PODS_PODFILE_DIR_PATH}/Podfile.lock",
				"${PODS_ROOT}/Manifest.lock",
			);
			name = "[CP] Check Pods Manifest.lock";
			outputFileListPaths = (
			);
			outputPaths = (
				"$(DERIVED_FILE_DIR)/Pods-MapU01-checkManifestLockResult.txt",
			);
			runOnlyForDeploymentPostprocessing = 0;
			shellPath = /bin/sh;
			shellScript = "diff \"${PODS_PODFILE_DIR_PATH}/Podfile.lock\" \"${PODS_ROOT}/Manifest.lock\" > /dev/null\nif [ $? != 0 ] ; then\n    # print error to STDERR\n    echo \"error: The sandbox is not in sync with the Podfile.lock. Run 'pod install' or update your CocoaPods installation.\" >&2\n    exit 1\nfi\n# This output is used by Xcode 'outputs' to avoid re-running this script phase.\necho \"SUCCESS\" > \"${SCRIPT_OUTPUT_FILE_0}\"\n";
			showEnvVarsInLog = 0;
		};
/* End PBXShellScriptBuildPhase section */

/* Begin PBXSourcesBuildPhase section */
		96FDEE6724D708C80060DFC2 /* Sources */ = {
			isa = PBXSourcesBuildPhase;
			buildActionMask = 2147483647;
			files = (
				962470FF25092AD000E74B47 /* Tag.swift in Sources */,
				96FDEE7324D708C80060DFC2 /* ViewController.swift in Sources */,
				96FDEE6F24D708C80060DFC2 /* AppDelegate.swift in Sources */,
				96AF98DC2520C2C900D4D7A3 /* UserAPI.swift in Sources */,
				963DD01F2503C4D80078EA10 /* APIViewController.swift in Sources */,
				9650688F250E51DD001A8193 /* API.swift in Sources */,
				964C57972509B81900051A98 /* tagPoolAPI.swift in Sources */,
				96FDEE7124D708C80060DFC2 /* SceneDelegate.swift in Sources */,
				962E10E824E046A200F0262F /* SignUpInViewController.swift in Sources */,
				964C09A025125F68002FF83D /* followingListAPI.swift in Sources */,
				96FDEE7924D708C80060DFC2 /* MapU01.xcdatamodeld in Sources */,
				96FAD8E72546FB00009FDE3E /* ScanQRCodeViewController.swift in Sources */,
				964C099E25125AFA002FF83D /* user.swift in Sources */,
				9624AF822538A1F6007660D4 /* tagTabTableViewController.swift in Sources */,
				964325C524F6AF16005F8430 /* TestArchiveViewController.swift in Sources */,
			);
			runOnlyForDeploymentPostprocessing = 0;
		};
/* End PBXSourcesBuildPhase section */

/* Begin PBXVariantGroup section */
		96FDEE7424D708C80060DFC2 /* Main.storyboard */ = {
			isa = PBXVariantGroup;
			children = (
				96FDEE7524D708C80060DFC2 /* Base */,
			);
			name = Main.storyboard;
			sourceTree = "<group>";
		};
		96FDEE7C24D708C80060DFC2 /* LaunchScreen.storyboard */ = {
			isa = PBXVariantGroup;
			children = (
				96FDEE7D24D708C80060DFC2 /* Base */,
			);
			name = LaunchScreen.storyboard;
			sourceTree = "<group>";
		};
/* End PBXVariantGroup section */

/* Begin XCBuildConfiguration section */
		96FDEE8024D708C80060DFC2 /* Debug */ = {
			isa = XCBuildConfiguration;
			buildSettings = {
				ALWAYS_SEARCH_USER_PATHS = NO;
				CLANG_ANALYZER_NONNULL = YES;
				CLANG_ANALYZER_NUMBER_OBJECT_CONVERSION = YES_AGGRESSIVE;
				CLANG_CXX_LANGUAGE_STANDARD = "gnu++14";
				CLANG_CXX_LIBRARY = "libc++";
				CLANG_ENABLE_MODULES = YES;
				CLANG_ENABLE_OBJC_ARC = YES;
				CLANG_ENABLE_OBJC_WEAK = YES;
				CLANG_WARN_BLOCK_CAPTURE_AUTORELEASING = YES;
				CLANG_WARN_BOOL_CONVERSION = YES;
				CLANG_WARN_COMMA = YES;
				CLANG_WARN_CONSTANT_CONVERSION = YES;
				CLANG_WARN_DEPRECATED_OBJC_IMPLEMENTATIONS = YES;
				CLANG_WARN_DIRECT_OBJC_ISA_USAGE = YES_ERROR;
				CLANG_WARN_DOCUMENTATION_COMMENTS = YES;
				CLANG_WARN_EMPTY_BODY = YES;
				CLANG_WARN_ENUM_CONVERSION = YES;
				CLANG_WARN_INFINITE_RECURSION = YES;
				CLANG_WARN_INT_CONVERSION = YES;
				CLANG_WARN_NON_LITERAL_NULL_CONVERSION = YES;
				CLANG_WARN_OBJC_IMPLICIT_RETAIN_SELF = YES;
				CLANG_WARN_OBJC_LITERAL_CONVERSION = YES;
				CLANG_WARN_OBJC_ROOT_CLASS = YES_ERROR;
				CLANG_WARN_RANGE_LOOP_ANALYSIS = YES;
				CLANG_WARN_STRICT_PROTOTYPES = YES;
				CLANG_WARN_SUSPICIOUS_MOVE = YES;
				CLANG_WARN_UNGUARDED_AVAILABILITY = YES_AGGRESSIVE;
				CLANG_WARN_UNREACHABLE_CODE = YES;
				CLANG_WARN__DUPLICATE_METHOD_MATCH = YES;
				COPY_PHASE_STRIP = NO;
				DEBUG_INFORMATION_FORMAT = dwarf;
				ENABLE_STRICT_OBJC_MSGSEND = YES;
				ENABLE_TESTABILITY = YES;
				GCC_C_LANGUAGE_STANDARD = gnu11;
				GCC_DYNAMIC_NO_PIC = NO;
				GCC_NO_COMMON_BLOCKS = YES;
				GCC_OPTIMIZATION_LEVEL = 0;
				GCC_PREPROCESSOR_DEFINITIONS = (
					"DEBUG=1",
					"$(inherited)",
				);
				GCC_WARN_64_TO_32_BIT_CONVERSION = YES;
				GCC_WARN_ABOUT_RETURN_TYPE = YES_ERROR;
				GCC_WARN_UNDECLARED_SELECTOR = YES;
				GCC_WARN_UNINITIALIZED_AUTOS = YES_AGGRESSIVE;
				GCC_WARN_UNUSED_FUNCTION = YES;
				GCC_WARN_UNUSED_VARIABLE = YES;
				IPHONEOS_DEPLOYMENT_TARGET = 13.6;
				MTL_ENABLE_DEBUG_INFO = INCLUDE_SOURCE;
				MTL_FAST_MATH = YES;
				ONLY_ACTIVE_ARCH = YES;
				SDKROOT = iphoneos;
				SWIFT_ACTIVE_COMPILATION_CONDITIONS = DEBUG;
				SWIFT_OPTIMIZATION_LEVEL = "-Onone";
			};
			name = Debug;
		};
		96FDEE8124D708C80060DFC2 /* Release */ = {
			isa = XCBuildConfiguration;
			buildSettings = {
				ALWAYS_SEARCH_USER_PATHS = NO;
				CLANG_ANALYZER_NONNULL = YES;
				CLANG_ANALYZER_NUMBER_OBJECT_CONVERSION = YES_AGGRESSIVE;
				CLANG_CXX_LANGUAGE_STANDARD = "gnu++14";
				CLANG_CXX_LIBRARY = "libc++";
				CLANG_ENABLE_MODULES = YES;
				CLANG_ENABLE_OBJC_ARC = YES;
				CLANG_ENABLE_OBJC_WEAK = YES;
				CLANG_WARN_BLOCK_CAPTURE_AUTORELEASING = YES;
				CLANG_WARN_BOOL_CONVERSION = YES;
				CLANG_WARN_COMMA = YES;
				CLANG_WARN_CONSTANT_CONVERSION = YES;
				CLANG_WARN_DEPRECATED_OBJC_IMPLEMENTATIONS = YES;
				CLANG_WARN_DIRECT_OBJC_ISA_USAGE = YES_ERROR;
				CLANG_WARN_DOCUMENTATION_COMMENTS = YES;
				CLANG_WARN_EMPTY_BODY = YES;
				CLANG_WARN_ENUM_CONVERSION = YES;
				CLANG_WARN_INFINITE_RECURSION = YES;
				CLANG_WARN_INT_CONVERSION = YES;
				CLANG_WARN_NON_LITERAL_NULL_CONVERSION = YES;
				CLANG_WARN_OBJC_IMPLICIT_RETAIN_SELF = YES;
				CLANG_WARN_OBJC_LITERAL_CONVERSION = YES;
				CLANG_WARN_OBJC_ROOT_CLASS = YES_ERROR;
				CLANG_WARN_RANGE_LOOP_ANALYSIS = YES;
				CLANG_WARN_STRICT_PROTOTYPES = YES;
				CLANG_WARN_SUSPICIOUS_MOVE = YES;
				CLANG_WARN_UNGUARDED_AVAILABILITY = YES_AGGRESSIVE;
				CLANG_WARN_UNREACHABLE_CODE = YES;
				CLANG_WARN__DUPLICATE_METHOD_MATCH = YES;
				COPY_PHASE_STRIP = NO;
				DEBUG_INFORMATION_FORMAT = "dwarf-with-dsym";
				ENABLE_NS_ASSERTIONS = NO;
				ENABLE_STRICT_OBJC_MSGSEND = YES;
				GCC_C_LANGUAGE_STANDARD = gnu11;
				GCC_NO_COMMON_BLOCKS = YES;
				GCC_WARN_64_TO_32_BIT_CONVERSION = YES;
				GCC_WARN_ABOUT_RETURN_TYPE = YES_ERROR;
				GCC_WARN_UNDECLARED_SELECTOR = YES;
				GCC_WARN_UNINITIALIZED_AUTOS = YES_AGGRESSIVE;
				GCC_WARN_UNUSED_FUNCTION = YES;
				GCC_WARN_UNUSED_VARIABLE = YES;
				IPHONEOS_DEPLOYMENT_TARGET = 13.6;
				MTL_ENABLE_DEBUG_INFO = NO;
				MTL_FAST_MATH = YES;
				SDKROOT = iphoneos;
				SWIFT_COMPILATION_MODE = wholemodule;
				SWIFT_OPTIMIZATION_LEVEL = "-O";
				VALIDATE_PRODUCT = YES;
			};
			name = Release;
		};
		96FDEE8324D708C80060DFC2 /* Debug */ = {
			isa = XCBuildConfiguration;
			baseConfigurationReference = 4D64BB4ACEB5065001089438 /* Pods-MapU01.debug.xcconfig */;
			buildSettings = {
				ASSETCATALOG_COMPILER_APPICON_NAME = AppIcon;
				CODE_SIGN_STYLE = Automatic;
				DEVELOPMENT_TEAM = WS55HV33U8;
				INFOPLIST_FILE = MapU01/Info.plist;
				LD_RUNPATH_SEARCH_PATHS = (
					"$(inherited)",
					"@executable_path/Frameworks",
				);
				PRODUCT_BUNDLE_IDENTIFIER = in.mapu.MapU01;
				PRODUCT_NAME = "$(TARGET_NAME)";
				SWIFT_VERSION = 5.0;
				TARGETED_DEVICE_FAMILY = 1;
			};
			name = Debug;
		};
		96FDEE8424D708C80060DFC2 /* Release */ = {
			isa = XCBuildConfiguration;
			baseConfigurationReference = BFE0B334B1EA9B82647791EB /* Pods-MapU01.release.xcconfig */;
			buildSettings = {
				ASSETCATALOG_COMPILER_APPICON_NAME = AppIcon;
				CODE_SIGN_STYLE = Automatic;
				DEVELOPMENT_TEAM = WS55HV33U8;
				INFOPLIST_FILE = MapU01/Info.plist;
				LD_RUNPATH_SEARCH_PATHS = (
					"$(inherited)",
					"@executable_path/Frameworks",
				);
				PRODUCT_BUNDLE_IDENTIFIER = in.mapu.MapU01;
				PRODUCT_NAME = "$(TARGET_NAME)";
				SWIFT_VERSION = 5.0;
				TARGETED_DEVICE_FAMILY = 1;
			};
			name = Release;
		};
/* End XCBuildConfiguration section */

/* Begin XCConfigurationList section */
		96FDEE6624D708C80060DFC2 /* Build configuration list for PBXProject "MapU01" */ = {
			isa = XCConfigurationList;
			buildConfigurations = (
				96FDEE8024D708C80060DFC2 /* Debug */,
				96FDEE8124D708C80060DFC2 /* Release */,
			);
			defaultConfigurationIsVisible = 0;
			defaultConfigurationName = Release;
		};
		96FDEE8224D708C80060DFC2 /* Build configuration list for PBXNativeTarget "MapU01" */ = {
			isa = XCConfigurationList;
			buildConfigurations = (
				96FDEE8324D708C80060DFC2 /* Debug */,
				96FDEE8424D708C80060DFC2 /* Release */,
			);
			defaultConfigurationIsVisible = 0;
			defaultConfigurationName = Release;
		};
/* End XCConfigurationList section */

/* Begin XCVersionGroup section */
		96FDEE7724D708C80060DFC2 /* MapU01.xcdatamodeld */ = {
			isa = XCVersionGroup;
			children = (
				96FDEE7824D708C80060DFC2 /* MapU01.xcdatamodel */,
			);
			currentVersion = 96FDEE7824D708C80060DFC2 /* MapU01.xcdatamodel */;
			path = MapU01.xcdatamodeld;
			sourceTree = "<group>";
			versionGroupType = wrapper.xcdatamodel;
		};
/* End XCVersionGroup section */
	};
	rootObject = 96FDEE6324D708C80060DFC2 /* Project object */;
}
